
Microsoft Visual Studio Solution File, Format Version 12.00
# Visual Studio Version 16
VisualStudioVersion = 16.0.30523.141
MinimumVisualStudioVersion = 10.0.40219.1
Project("{FAE04EC0-301F-11D3-BF4B-00C04F79EFBC}") = "Task21", "Task21\Task21.csproj", "{B37FA6F0-5C70-4902-941E-24DCAB325419}"
EndProject
Global
	GlobalSection(SolutionConfigurationPlatforms) = preSolution
		Debug|Any CPU = Debug|Any CPU
		Release|Any CPU = Release|Any CPU
	EndGlobalSection
	GlobalSection(ProjectConfigurationPlatforms) = postSolution
		{B37FA6F0-5C70-4902-941E-24DCAB325419}.Debug|Any CPU.ActiveCfg = Debug|Any CPU
		{B37FA6F0-5C70-4902-941E-24DCAB325419}.Debug|Any CPU.Build.0 = Debug|Any CPU
		{B37FA6F0-5C70-4902-941E-24DCAB325419}.Release|Any CPU.ActiveCfg = Release|Any CPU
		{B37FA6F0-5C70-4902-941E-24DCAB325419}.Release|Any CPU.Build.0 = Release|Any CPU
	EndGlobalSection
	GlobalSection(SolutionProperties) = preSolution
		HideSolutionNode = FALSE
	EndGlobalSection
	GlobalSection(ExtensibilityGlobals) = postSolution
		SolutionGuid = {899AD998-11EC-4C21-B89F-F46FB375172A}
	EndGlobalSection
EndGlobal
